{
  "requires": true,
  "lockfileVersion": 1,
  "dependencies": {
    "highcharts": {
      "version": "8.0.0",
      "resolved": "https://registry.npmjs.org/highcharts/-/highcharts-8.0.0.tgz",
      "integrity": "sha512-jRKLiP0i29zKSEgMDASyrfpivrM3e8V8yTv8YUZtRzB2mXR+hsBNHWZw2hNRZVxqq1QCVmW/9Z/BLFvYlJELqA=="
    },
    "sticky-table-headers": {
      "version": "0.1.24",
      "resolved": "https://registry.npmjs.org/sticky-table-headers/-/sticky-table-headers-0.1.24.tgz",
      "integrity": "sha1-euofB5HKOgKwhgzYhe11ehrL84E="
    }
  }
}
